
Microsoft Visual Studio Solution File, Format Version 12.00
# Visual Studio Version 17
VisualStudioVersion = 17.3.32922.545
MinimumVisualStudioVersion = 10.0.40219.1
Project("{FAE04EC0-301F-11D3-BF4B-00C04F79EFBC}") = "MSTest-MoodAnalyzerProblem", "MSTest-MoodAnalyzerProblem\MSTest-MoodAnalyzerProblem.csproj", "{5ACD501B-D920-49D1-A94E-3DF5AC6C940A}"
EndProject
Project("{FAE04EC0-301F-11D3-BF4B-00C04F79EFBC}") = "TestProject", "TestProject\TestProject.csproj", "{FBCB6697-FF8E-4F4A-8C27-86079BD4DA98}"
EndProject
Global
	GlobalSection(SolutionConfigurationPlatforms) = preSolution
		Debug|Any CPU = Debug|Any CPU
		Release|Any CPU = Release|Any CPU
	EndGlobalSection
	GlobalSection(ProjectConfigurationPlatforms) = postSolution
		{5ACD501B-D920-49D1-A94E-3DF5AC6C940A}.Debug|Any CPU.ActiveCfg = Debug|Any CPU
		{5ACD501B-D920-49D1-A94E-3DF5AC6C940A}.Debug|Any CPU.Build.0 = Debug|Any CPU
		{5ACD501B-D920-49D1-A94E-3DF5AC6C940A}.Release|Any CPU.ActiveCfg = Release|Any CPU
		{5ACD501B-D920-49D1-A94E-3DF5AC6C940A}.Release|Any CPU.Build.0 = Release|Any CPU
		{FBCB6697-FF8E-4F4A-8C27-86079BD4DA98}.Debug|Any CPU.ActiveCfg = Debug|Any CPU
		{FBCB6697-FF8E-4F4A-8C27-86079BD4DA98}.Debug|Any CPU.Build.0 = Debug|Any CPU
		{FBCB6697-FF8E-4F4A-8C27-86079BD4DA98}.Release|Any CPU.ActiveCfg = Release|Any CPU
		{FBCB6697-FF8E-4F4A-8C27-86079BD4DA98}.Release|Any CPU.Build.0 = Release|Any CPU
	EndGlobalSection
	GlobalSection(SolutionProperties) = preSolution
		HideSolutionNode = FALSE
	EndGlobalSection
	GlobalSection(ExtensibilityGlobals) = postSolution
		SolutionGuid = {42D1DDAA-DFDF-4BBA-82B8-D2C2AC7986B2}
	EndGlobalSection
EndGlobal
